// !$*UTF8*$!
{
	archiveVersion = 1;
	classes = {
	};
	objectVersion = 46;
	objects = {

/* Begin PBXBuildFile section */
		3721291012636D2D002E9847 /* Tests.m in Sources */ = {isa = PBXBuildFile; fileRef = 3721290F12636D2D002E9847 /* Tests.m */; };
		3721293612636ED1002E9847 /* NSDateAdditions.m in Sources */ = {isa = PBXBuildFile; fileRef = 3721293512636ED1002E9847 /* NSDateAdditions.m */; };
		379959561274FCA60035EFC4 /* NSBundleAdditions.m in Sources */ = {isa = PBXBuildFile; fileRef = 379959551274FCA60035EFC4 /* NSBundleAdditions.m */; };
/* End PBXBuildFile section */

/* Begin PBXFileReference section */
		372128F512636C56002E9847 /* Unit Tests.octest */ = {isa = PBXFileReference; explicitFileType = wrapper.cfbundle; includeInIndex = 0; path = "Unit Tests.octest"; sourceTree = BUILT_PRODUCTS_DIR; };
		372128F712636C56002E9847 /* Info.plist */ = {isa = PBXFileReference; lastKnownFileType = text.plist.xml; path = Info.plist; sourceTree = "<group>"; };
		3721290E12636D2D002E9847 /* Tests.h */ = {isa = PBXFileReference; fileEncoding = 4; lastKnownFileType = sourcecode.c.h; name = Tests.h; path = tests/Tests.h; sourceTree = "<group>"; };
		3721290F12636D2D002E9847 /* Tests.m */ = {isa = PBXFileReference; fileEncoding = 4; lastKnownFileType = sourcecode.c.objc; name = Tests.m; path = tests/Tests.m; sourceTree = "<group>"; };
		3721293412636ED1002E9847 /* NSDateAdditions.h */ = {isa = PBXFileReference; fileEncoding = 4; lastKnownFileType = sourcecode.c.h; name = NSDateAdditions.h; path = categories/NSDateAdditions.h; sourceTree = "<group>"; };
		3721293512636ED1002E9847 /* NSDateAdditions.m */ = {isa = PBXFileReference; fileEncoding = 4; lastKnownFileType = sourcecode.c.objc; name = NSDateAdditions.m; path = categories/NSDateAdditions.m; sourceTree = "<group>"; };
		379959541274FCA60035EFC4 /* NSBundleAdditions.h */ = {isa = PBXFileReference; fileEncoding = 4; lastKnownFileType = sourcecode.c.h; name = NSBundleAdditions.h; path = categories/NSBundleAdditions.h; sourceTree = "<group>"; };
		379959551274FCA60035EFC4 /* NSBundleAdditions.m */ = {isa = PBXFileReference; fileEncoding = 4; lastKnownFileType = sourcecode.c.objc; name = NSBundleAdditions.m; path = categories/NSBundleAdditions.m; sourceTree = "<group>"; };
/* End PBXFileReference section */

/* Begin PBXFrameworksBuildPhase section */
		372128F212636C56002E9847 /* Frameworks */ = {
			isa = PBXFrameworksBuildPhase;
			buildActionMask = 2147483647;
			files = (
			);
			runOnlyForDeploymentPostprocessing = 0;
		};
/* End PBXFrameworksBuildPhase section */

/* Begin PBXGroup section */
		372128D112636BA4002E9847 = {
			isa = PBXGroup;
			children = (
				3721292F12636EC5002E9847 /* Categories */,
				3721290712636CE9002E9847 /* Tests */,
				372128F612636C56002E9847 /* Products */,
				372128F712636C56002E9847 /* Info.plist */,
			);
			sourceTree = "<group>";
		};
		372128F612636C56002E9847 /* Products */ = {
			isa = PBXGroup;
			children = (
				372128F512636C56002E9847 /* Unit Tests.octest */,
			);
			name = Products;
			sourceTree = "<group>";
		};
		3721290712636CE9002E9847 /* Tests */ = {
			isa = PBXGroup;
			children = (
				3721290E12636D2D002E9847 /* Tests.h */,
				3721290F12636D2D002E9847 /* Tests.m */,
			);
			name = Tests;
			sourceTree = "<group>";
		};
		3721292F12636EC5002E9847 /* Categories */ = {
			isa = PBXGroup;
			children = (
				379959541274FCA60035EFC4 /* NSBundleAdditions.h */,
				379959551274FCA60035EFC4 /* NSBundleAdditions.m */,
				3721293412636ED1002E9847 /* NSDateAdditions.h */,
				3721293512636ED1002E9847 /* NSDateAdditions.m */,
			);
			name = Categories;
			sourceTree = "<group>";
		};
/* End PBXGroup section */

/* Begin PBXNativeTarget section */
		372128F412636C56002E9847 /* Unit Tests */ = {
			isa = PBXNativeTarget;
			buildConfigurationList = 372128FA12636C57002E9847 /* Build configuration list for PBXNativeTarget "Unit Tests" */;
			buildPhases = (
				372128F012636C56002E9847 /* Resources */,
				372128F112636C56002E9847 /* Sources */,
				372128F212636C56002E9847 /* Frameworks */,
				372128F312636C56002E9847 /* ShellScript */,
			);
			buildRules = (
			);
			dependencies = (
			);
			name = "Unit Tests";
			productName = "Unit Tests";
			productReference = 372128F512636C56002E9847 /* Unit Tests.octest */;
			productType = "com.apple.product-type.bundle";
		};
/* End PBXNativeTarget section */

/* Begin PBXProject section */
		372128D312636BA4002E9847 /* Project object */ = {
			isa = PBXProject;
			attributes = {
				LastUpgradeCheck = 0410;
			};
			buildConfigurationList = 372128D612636BA4002E9847 /* Build configuration list for PBXProject "PhToolkit" */;
			compatibilityVersion = "Xcode 3.2";
			developmentRegion = English;
			hasScannedForEncodings = 0;
			knownRegions = (
				English,
				Japanese,
				French,
				German,
			);
			mainGroup = 372128D112636BA4002E9847;
			productRefGroup = 372128F612636C56002E9847 /* Products */;
			projectDirPath = "";
			projectRoot = "";
			targets = (
				372128F412636C56002E9847 /* Unit Tests */,
			);
		};
/* End PBXProject section */

/* Begin PBXResourcesBuildPhase section */
		372128F012636C56002E9847 /* Resources */ = {
			isa = PBXResourcesBuildPhase;
			buildActionMask = 2147483647;
			files = (
			);
			runOnlyForDeploymentPostprocessing = 0;
		};
/* End PBXResourcesBuildPhase section */

/* Begin PBXShellScriptBuildPhase section */
		372128F312636C56002E9847 /* ShellScript */ = {
			isa = PBXShellScriptBuildPhase;
			buildActionMask = 2147483647;
			files = (
			);
			inputPaths = (
			);
			outputPaths = (
			);
			runOnlyForDeploymentPostprocessing = 0;
			shellPath = /bin/sh;
			shellScript = "# Run the unit tests in this test bundle.\n\"${SYSTEM_DEVELOPER_DIR}/Tools/RunUnitTests\"\n";
		};
/* End PBXShellScriptBuildPhase section */

/* Begin PBXSourcesBuildPhase section */
		372128F112636C56002E9847 /* Sources */ = {
			isa = PBXSourcesBuildPhase;
			buildActionMask = 2147483647;
			files = (
				3721291012636D2D002E9847 /* Tests.m in Sources */,
				3721293612636ED1002E9847 /* NSDateAdditions.m in Sources */,
				379959561274FCA60035EFC4 /* NSBundleAdditions.m in Sources */,
			);
			runOnlyForDeploymentPostprocessing = 0;
		};
/* End PBXSourcesBuildPhase section */

/* Begin XCBuildConfiguration section */
		372128D412636BA4002E9847 /* Debug */ = {
			isa = XCBuildConfiguration;
			buildSettings = {
				COPY_PHASE_STRIP = NO;
				RUN_CLANG_STATIC_ANALYZER = YES;
			};
			name = Debug;
		};
		372128D512636BA4002E9847 /* Release */ = {
			isa = XCBuildConfiguration;
			buildSettings = {
				COPY_PHASE_STRIP = YES;
				RUN_CLANG_STATIC_ANALYZER = YES;
			};
			name = Release;
		};
		372128F812636C57002E9847 /* Debug */ = {
			isa = XCBuildConfiguration;
			buildSettings = {
				ALWAYS_SEARCH_USER_PATHS = NO;
				COPY_PHASE_STRIP = NO;
				FRAMEWORK_SEARCH_PATHS = "$(DEVELOPER_LIBRARY_DIR)/Frameworks";
				GCC_DYNAMIC_NO_PIC = NO;
				GCC_ENABLE_OBJC_EXCEPTIONS = YES;
				GCC_MODEL_TUNING = G5;
				GCC_OPTIMIZATION_LEVEL = 0;
				GCC_PRECOMPILE_PREFIX_HEADER = YES;
				GCC_PREFIX_HEADER = "$(SYSTEM_LIBRARY_DIR)/Frameworks/Cocoa.framework/Headers/Cocoa.h";
				INFOPLIST_FILE = Info.plist;
				INSTALL_PATH = "$(USER_LIBRARY_DIR)/Bundles";
				OTHER_LDFLAGS = (
					"-framework",
					Cocoa,
					"-framework",
					SenTestingKit,
				);
				PRODUCT_NAME = "Unit Tests";
				WRAPPER_EXTENSION = octest;
			};
			name = Debug;
		};
		372128F912636C57002E9847 /* Release */ = {
			isa = XCBuildConfiguration;
			buildSettings = {
				ALWAYS_SEARCH_USER_PATHS = NO;
				COPY_PHASE_STRIP = YES;
				DEBUG_INFORMATION_FORMAT = "dwarf-with-dsym";
				FRAMEWORK_SEARCH_PATHS = "$(DEVELOPER_LIBRARY_DIR)/Frameworks";
				GCC_ENABLE_OBJC_EXCEPTIONS = YES;
				GCC_MODEL_TUNING = G5;
				GCC_PRECOMPILE_PREFIX_HEADER = YES;
				GCC_PREFIX_HEADER = "$(SYSTEM_LIBRARY_DIR)/Frameworks/Cocoa.framework/Headers/Cocoa.h";
				INFOPLIST_FILE = Info.plist;
				INSTALL_PATH = "$(USER_LIBRARY_DIR)/Bundles";
				OTHER_LDFLAGS = (
					"-framework",
					Cocoa,
					"-framework",
					SenTestingKit,
				);
				PRODUCT_NAME = "Unit Tests";
				WRAPPER_EXTENSION = octest;
				ZERO_LINK = NO;
			};
			name = Release;
		};
/* End XCBuildConfiguration section */

/* Begin XCConfigurationList section */
		372128D612636BA4002E9847 /* Build configuration list for PBXProject "PhToolkit" */ = {
			isa = XCConfigurationList;
			buildConfigurations = (
				372128D412636BA4002E9847 /* Debug */,
				372128D512636BA4002E9847 /* Release */,
			);
			defaultConfigurationIsVisible = 0;
			defaultConfigurationName = Release;
		};
		372128FA12636C57002E9847 /* Build configuration list for PBXNativeTarget "Unit Tests" */ = {
			isa = XCConfigurationList;
			buildConfigurations = (
				372128F812636C57002E9847 /* Debug */,
				372128F912636C57002E9847 /* Release */,
			);
			defaultConfigurationIsVisible = 0;
			defaultConfigurationName = Release;
		};
/* End XCConfigurationList section */
	};
	rootObject = 372128D312636BA4002E9847 /* Project object */;
}
